<?xml version="1.0" encoding="utf-8"?>
<Project ToolsVersion="4.0" xmlns="http://schemas.microsoft.com/developer/msbuild/2003">
  <ItemGroup>
    <Filter Include="File di origine">
      <UniqueIdentifier>{4FC737F1-C7A5-4376-A066-2A32D752A2FF}</UniqueIdentifier>
      <Extensions>cpp;c;cc;cxx;def;odl;idl;hpj;bat;asm;asmx</Extensions>
    </Filter>
    <Filter Include="File di intestazione">
      <UniqueIdentifier>{93995380-89BD-4b04-88EB-625FBE52EBFB}</UniqueIdentifier>
      <Extensions>h;hpp;hxx;hm;inl;inc;xsd</Extensions>
    </Filter>
    <Filter Include="File di risorse">
      <UniqueIdentifier>{67DA6AB6-F800-4c08-8B7A-83BB121AAD01}</UniqueIdentifier>
      <Extensions>rc;ico;cur;bmp;dlg;rc2;rct;bin;rgs;gif;jpg;jpeg;jpe;resx;tiff;tif;png;wav</Extensions>
    </Filter>
    <Filter Include="common">
      <UniqueIdentifier>{cd8fc855-a215-49cc-8eab-0d38452f203f}</UniqueIdentifier>
    </Filter>
  </ItemGroup>
  <ItemGroup>
    <ClCompile Include="AboutDlg.cpp">
      <Filter>File di origine</Filter>
    </ClCompile>
    <ClCompile Include="Dialog.cpp">
      <Filter>File di origine</Filter>
    </ClCompile>
    <ClCompile Include="Dino Clasher.cpp">
      <Filter>File di origine</Filter>
    </ClCompile>
    <ClCompile Include="FolderDlg.cpp">
      <Filter>File di origine</Filter>
    </ClCompile>
    <ClCompile Include="MainDlg.cpp">
      <Filter>File di origine</Filter>
    </ClCompile>
    <ClCompile Include="TextureCtrl.cpp">
      <Filter>File di origine</Filter>
    </ClCompile>
    <ClCompile Include="WinAPI.cpp">
      <Filter>File di origine</Filter>
    </ClCompile>
    <ClCompile Include="Wnd.cpp">
      <Filter>File di origine</Filter>
    </ClCompile>
    <ClCompile Include="..\extractor\DinoCrisis2.cpp">
      <Filter>common</Filter>
    </ClCompile>
  </ItemGroup>
  <ItemGroup>
    <ClInclude Include="AboutDlg.h">
      <Filter>File di intestazione</Filter>
    </ClInclude>
    <ClInclude Include="Dialog.h">
      <Filter>File di intestazione</Filter>
    </ClInclude>
    <ClInclude Include="Dino Clasher.h">
      <Filter>File di intestazione</Filter>
    </ClInclude>
    <ClInclude Include="MainDlg.h">
      <Filter>File di intestazione</Filter>
    </ClInclude>
    <ClInclude Include="MemDC.h">
      <Filter>File di intestazione</Filter>
    </ClInclude>
    <ClInclude Include="Resource.h">
      <Filter>File di intestazione</Filter>
    </ClInclude>
    <ClInclude Include="stdafx.h">
      <Filter>File di intestazione</Filter>
    </ClInclude>
    <ClInclude Include="TextureCtrl.h">
      <Filter>File di intestazione</Filter>
    </ClInclude>
    <ClInclude Include="WinAPI.h">
      <Filter>File di intestazione</Filter>
    </ClInclude>
    <ClInclude Include="Wnd.h">
      <Filter>File di intestazione</Filter>
    </ClInclude>
    <ClInclude Include="..\extractor\DinoCrisis2.h">
      <Filter>common</Filter>
    </ClInclude>
  </ItemGroup>
  <ItemGroup>
    <Image Include="about.bmp">
      <Filter>File di risorse</Filter>
    </Image>
    <Image Include="Dino Clasher.ico">
      <Filter>File di risorse</Filter>
    </Image>
    <Image Include="grid.bmp">
      <Filter>File di risorse</Filter>
    </Image>
    <Image Include="small.ico">
      <Filter>File di risorse</Filter>
    </Image>
  </ItemGroup>
  <ItemGroup>
    <ResourceCompile Include="Dino Clasher.rc">
      <Filter>File di risorse</Filter>
    </ResourceCompile>
  </ItemGroup>
  <ItemGroup>
    <Text Include="ReadMe.txt" />
  </ItemGroup>
  <ItemGroup>
    <CustomBuild Include="FolderDlg.h">
      <Filter>File di intestazione</Filter>
    </CustomBuild>
  </ItemGroup>
</Project>